
Microsoft Visual Studio Solution File, Format Version 12.00
# Visual Studio Version 17
VisualStudioVersion = 17.11.35312.102
MinimumVisualStudioVersion = 10.0.40219.1
Project("{FAE04EC0-301F-11D3-BF4B-00C04F79EFBC}") = "NewsWebsite", "BlogWebsite\NewsWebsite.csproj", "{4EAADF1E-A2EA-41D9-87A2-B4C4ADF1EB64}"
EndProject
Global
	GlobalSection(SolutionConfigurationPlatforms) = preSolution
		Debug|Any CPU = Debug|Any CPU
		Release|Any CPU = Release|Any CPU
	EndGlobalSection
	GlobalSection(ProjectConfigurationPlatforms) = postSolution
		{4EAADF1E-A2EA-41D9-87A2-B4C4ADF1EB64}.Debug|Any CPU.ActiveCfg = Debug|Any CPU
		{4EAADF1E-A2EA-41D9-87A2-B4C4ADF1EB64}.Debug|Any CPU.Build.0 = Debug|Any CPU
		{4EAADF1E-A2EA-41D9-87A2-B4C4ADF1EB64}.Release|Any CPU.ActiveCfg = Release|Any CPU
		{4EAADF1E-A2EA-41D9-87A2-B4C4ADF1EB64}.Release|Any CPU.Build.0 = Release|Any CPU
	EndGlobalSection
	GlobalSection(SolutionProperties) = preSolution
		HideSolutionNode = FALSE
	EndGlobalSection
	GlobalSection(ExtensibilityGlobals) = postSolution
		SolutionGuid = {E55F89DD-F63E-44CD-A132-4735EB6F3DF8}
	EndGlobalSection
EndGlobal
